{
  "requires": true,
  "lockfileVersion": 1,
  "dependencies": {
    "nodejs-websocket": {
      "version": "1.7.1",
      "resolved": "https://registry.npmmirror.com/nodejs-websocket/-/nodejs-websocket-1.7.1.tgz",
      "integrity": "sha512-nCk72OdjsXLwCIzyk+GL/LqxggspgGIXq4YbAzmcavDLF5HEapsFfh2JQ2coPLMf418Cs+lhqd+NfEKtn3KPsQ=="
    }
  }
}
